// !$*UTF8*$!
{
	archiveVersion = 1;
	classes = {
	};
	objectVersion = 56;
	objects = {

/* Begin PBXBuildFile section */
		D4270C092B0645C200DE0BAC /* AppDelegate.swift in Sources */ = {isa = PBXBuildFile; fileRef = D4270C082B0645C200DE0BAC /* AppDelegate.swift */; };
		D4270C0B2B0645C200DE0BAC /* SceneDelegate.swift in Sources */ = {isa = PBXBuildFile; fileRef = D4270C0A2B0645C200DE0BAC /* SceneDelegate.swift */; };
		D4270C0D2B0645C200DE0BAC /* ViewController.swift in Sources */ = {isa = PBXBuildFile; fileRef = D4270C0C2B0645C200DE0BAC /* ViewController.swift */; };
		D4270C102B0645C200DE0BAC /* Main.storyboard in Resources */ = {isa = PBXBuildFile; fileRef = D4270C0E2B0645C200DE0BAC /* Main.storyboard */; };
		D4270C122B0645C300DE0BAC /* Assets.xcassets in Resources */ = {isa = PBXBuildFile; fileRef = D4270C112B0645C300DE0BAC /* Assets.xcassets */; };
		D4270C152B0645C300DE0BAC /* LaunchScreen.storyboard in Resources */ = {isa = PBXBuildFile; fileRef = D4270C132B0645C300DE0BAC /* LaunchScreen.storyboard */; };
		D4270C202B0645C300DE0BAC /* CounterTests.swift in Sources */ = {isa = PBXBuildFile; fileRef = D4270C1F2B0645C300DE0BAC /* CounterTests.swift */; };
		D4270C2A2B0645C300DE0BAC /* CounterUITests.swift in Sources */ = {isa = PBXBuildFile; fileRef = D4270C292B0645C300DE0BAC /* CounterUITests.swift */; };
		D4270C2C2B0645C300DE0BAC /* CounterUITestsLaunchTests.swift in Sources */ = {isa = PBXBuildFile; fileRef = D4270C2B2B0645C300DE0BAC /* CounterUITestsLaunchTests.swift */; };
/* End PBXBuildFile section */

/* Begin PBXContainerItemProxy section */
		D4270C1C2B0645C300DE0BAC /* PBXContainerItemProxy */ = {
			isa = PBXContainerItemProxy;
			containerPortal = D4270BFD2B0645C200DE0BAC /* Project object */;
			proxyType = 1;
			remoteGlobalIDString = D4270C042B0645C200DE0BAC;
			remoteInfo = Counter;
		};
		D4270C262B0645C300DE0BAC /* PBXContainerItemProxy */ = {
			isa = PBXContainerItemProxy;
			containerPortal = D4270BFD2B0645C200DE0BAC /* Project object */;
			proxyType = 1;
			remoteGlobalIDString = D4270C042B0645C200DE0BAC;
			remoteInfo = Counter;
		};
/* End PBXContainerItemProxy section */

/* Begin PBXFileReference section */
		D4270C052B0645C200DE0BAC /* Counter.app */ = {isa = PBXFileReference; explicitFileType = wrapper.application; includeInIndex = 0; path = Counter.app; sourceTree = BUILT_PRODUCTS_DIR; };
		D4270C082B0645C200DE0BAC /* AppDelegate.swift */ = {isa = PBXFileReference; lastKnownFileType = sourcecode.swift; path = AppDelegate.swift; sourceTree = "<group>"; };
		D4270C0A2B0645C200DE0BAC /* SceneDelegate.swift */ = {isa = PBXFileReference; lastKnownFileType = sourcecode.swift; path = SceneDelegate.swift; sourceTree = "<group>"; };
		D4270C0C2B0645C200DE0BAC /* ViewController.swift */ = {isa = PBXFileReference; lastKnownFileType = sourcecode.swift; path = ViewController.swift; sourceTree = "<group>"; };
		D4270C0F2B0645C200DE0BAC /* Base */ = {isa = PBXFileReference; lastKnownFileType = file.storyboard; name = Base; path = Base.lproj/Main.storyboard; sourceTree = "<group>"; };
		D4270C112B0645C300DE0BAC /* Assets.xcassets */ = {isa = PBXFileReference; lastKnownFileType = folder.assetcatalog; path = Assets.xcassets; sourceTree = "<group>"; };
		D4270C142B0645C300DE0BAC /* Base */ = {isa = PBXFileReference; lastKnownFileType = file.storyboard; name = Base; path = Base.lproj/LaunchScreen.storyboard; sourceTree = "<group>"; };
		D4270C162B0645C300DE0BAC /* Info.plist */ = {isa = PBXFileReference; lastKnownFileType = text.plist.xml; path = Info.plist; sourceTree = "<group>"; };
		D4270C1B2B0645C300DE0BAC /* CounterTests.xctest */ = {isa = PBXFileReference; explicitFileType = wrapper.cfbundle; includeInIndex = 0; path = CounterTests.xctest; sourceTree = BUILT_PRODUCTS_DIR; };
		D4270C1F2B0645C300DE0BAC /* CounterTests.swift */ = {isa = PBXFileReference; lastKnownFileType = sourcecode.swift; path = CounterTests.swift; sourceTree = "<group>"; };
		D4270C252B0645C300DE0BAC /* CounterUITests.xctest */ = {isa = PBXFileReference; explicitFileType = wrapper.cfbundle; includeInIndex = 0; path = CounterUITests.xctest; sourceTree = BUILT_PRODUCTS_DIR; };
		D4270C292B0645C300DE0BAC /* CounterUITests.swift */ = {isa = PBXFileReference; lastKnownFileType = sourcecode.swift; path = CounterUITests.swift; sourceTree = "<group>"; };
		D4270C2B2B0645C300DE0BAC /* CounterUITestsLaunchTests.swift */ = {isa = PBXFileReference; lastKnownFileType = sourcecode.swift; path = CounterUITestsLaunchTests.swift; sourceTree = "<group>"; };
/* End PBXFileReference section */

/* Begin PBXFrameworksBuildPhase section */
		D4270C022B0645C200DE0BAC /* Frameworks */ = {
			isa = PBXFrameworksBuildPhase;
			buildActionMask = 2147483647;
			files = (
			);
			runOnlyForDeploymentPostprocessing = 0;
		};
		D4270C182B0645C300DE0BAC /* Frameworks */ = {
			isa = PBXFrameworksBuildPhase;
			buildActionMask = 2147483647;
			files = (
			);
			runOnlyForDeploymentPostprocessing = 0;
		};
		D4270C222B0645C300DE0BAC /* Frameworks */ = {
			isa = PBXFrameworksBuildPhase;
			buildActionMask = 2147483647;
			files = (
			);
			runOnlyForDeploymentPostprocessing = 0;
		};
/* End PBXFrameworksBuildPhase section */

/* Begin PBXGroup section */
		D4270BFC2B0645C200DE0BAC = {
			isa = PBXGroup;
			children = (
				D4270C072B0645C200DE0BAC /* Counter */,
				D4270C1E2B0645C300DE0BAC /* CounterTests */,
				D4270C282B0645C300DE0BAC /* CounterUITests */,
				D4270C062B0645C200DE0BAC /* Products */,
			);
			sourceTree = "<group>";
		};
		D4270C062B0645C200DE0BAC /* Products */ = {
			isa = PBXGroup;
			children = (
				D4270C052B0645C200DE0BAC /* Counter.app */,
				D4270C1B2B0645C300DE0BAC /* CounterTests.xctest */,
				D4270C252B0645C300DE0BAC /* CounterUITests.xctest */,
			);
			name = Products;
			sourceTree = "<group>";
		};
		D4270C072B0645C200DE0BAC /* Counter */ = {
			isa = PBXGroup;
			children = (
				D4270C082B0645C200DE0BAC /* AppDelegate.swift */,
				D4270C0A2B0645C200DE0BAC /* SceneDelegate.swift */,
				D4270C0C2B0645C200DE0BAC /* ViewController.swift */,
				D4270C0E2B0645C200DE0BAC /* Main.storyboard */,
				D4270C112B0645C300DE0BAC /* Assets.xcassets */,
				D4270C132B0645C300DE0BAC /* LaunchScreen.storyboard */,
				D4270C162B0645C300DE0BAC /* Info.plist */,
			);
			path = Counter;
			sourceTree = "<group>";
		};
		D4270C1E2B0645C300DE0BAC /* CounterTests */ = {
			isa = PBXGroup;
			children = (
				D4270C1F2B0645C300DE0BAC /* CounterTests.swift */,
			);
			path = CounterTests;
			sourceTree = "<group>";
		};
		D4270C282B0645C300DE0BAC /* CounterUITests */ = {
			isa = PBXGroup;
			children = (
				D4270C292B0645C300DE0BAC /* CounterUITests.swift */,
				D4270C2B2B0645C300DE0BAC /* CounterUITestsLaunchTests.swift */,
			);
			path = CounterUITests;
			sourceTree = "<group>";
		};
/* End PBXGroup section */

/* Begin PBXNativeTarget section */
		D4270C042B0645C200DE0BAC /* Counter */ = {
			isa = PBXNativeTarget;
			buildConfigurationList = D4270C2F2B0645C300DE0BAC /* Build configuration list for PBXNativeTarget "Counter" */;
			buildPhases = (
				D4270C012B0645C200DE0BAC /* Sources */,
				D4270C022B0645C200DE0BAC /* Frameworks */,
				D4270C032B0645C200DE0BAC /* Resources */,
			);
			buildRules = (
			);
			dependencies = (
			);
			name = Counter;
			productName = Counter;
			productReference = D4270C052B0645C200DE0BAC /* Counter.app */;
			productType = "com.apple.product-type.application";
		};
		D4270C1A2B0645C300DE0BAC /* CounterTests */ = {
			isa = PBXNativeTarget;
			buildConfigurationList = D4270C322B0645C300DE0BAC /* Build configuration list for PBXNativeTarget "CounterTests" */;
			buildPhases = (
				D4270C172B0645C300DE0BAC /* Sources */,
				D4270C182B0645C300DE0BAC /* Frameworks */,
				D4270C192B0645C300DE0BAC /* Resources */,
			);
			buildRules = (
			);
			dependencies = (
				D4270C1D2B0645C300DE0BAC /* PBXTargetDependency */,
			);
			name = CounterTests;
			productName = CounterTests;
			productReference = D4270C1B2B0645C300DE0BAC /* CounterTests.xctest */;
			productType = "com.apple.product-type.bundle.unit-test";
		};
		D4270C242B0645C300DE0BAC /* CounterUITests */ = {
			isa = PBXNativeTarget;
			buildConfigurationList = D4270C352B0645C300DE0BAC /* Build configuration list for PBXNativeTarget "CounterUITests" */;
			buildPhases = (
				D4270C212B0645C300DE0BAC /* Sources */,
				D4270C222B0645C300DE0BAC /* Frameworks */,
				D4270C232B0645C300DE0BAC /* Resources */,
			);
			buildRules = (
			);
			dependencies = (
				D4270C272B0645C300DE0BAC /* PBXTargetDependency */,
			);
			name = CounterUITests;
			productName = CounterUITests;
			productReference = D4270C252B0645C300DE0BAC /* CounterUITests.xctest */;
			productType = "com.apple.product-type.bundle.ui-testing";
		};
/* End PBXNativeTarget section */

/* Begin PBXProject section */
		D4270BFD2B0645C200DE0BAC /* Project object */ = {
			isa = PBXProject;
			attributes = {
				BuildIndependentTargetsInParallel = 1;
				LastSwiftUpdateCheck = 1430;
				LastUpgradeCheck = 1430;
				TargetAttributes = {
					D4270C042B0645C200DE0BAC = {
						CreatedOnToolsVersion = 14.3.1;
					};
					D4270C1A2B0645C300DE0BAC = {
						CreatedOnToolsVersion = 14.3.1;
						TestTargetID = D4270C042B0645C200DE0BAC;
					};
					D4270C242B0645C300DE0BAC = {
						CreatedOnToolsVersion = 14.3.1;
						TestTargetID = D4270C042B0645C200DE0BAC;
					};
				};
			};
			buildConfigurationList = D4270C002B0645C200DE0BAC /* Build configuration list for PBXProject "Counter" */;
			compatibilityVersion = "Xcode 14.0";
			developmentRegion = en;
			hasScannedForEncodings = 0;
			knownRegions = (
				en,
				Base,
			);
			mainGroup = D4270BFC2B0645C200DE0BAC;
			productRefGroup = D4270C062B0645C200DE0BAC /* Products */;
			projectDirPath = "";
			projectRoot = "";
			targets = (
				D4270C042B0645C200DE0BAC /* Counter */,
				D4270C1A2B0645C300DE0BAC /* CounterTests */,
				D4270C242B0645C300DE0BAC /* CounterUITests */,
			);
		};
/* End PBXProject section */

/* Begin PBXResourcesBuildPhase section */
		D4270C032B0645C200DE0BAC /* Resources */ = {
			isa = PBXResourcesBuildPhase;
			buildActionMask = 2147483647;
			files = (
				D4270C152B0645C300DE0BAC /* LaunchScreen.storyboard in Resources */,
				D4270C122B0645C300DE0BAC /* Assets.xcassets in Resources */,
				D4270C102B0645C200DE0BAC /* Main.storyboard in Resources */,
			);
			runOnlyForDeploymentPostprocessing = 0;
		};
		D4270C192B0645C300DE0BAC /* Resources */ = {
			isa = PBXResourcesBuildPhase;
			buildActionMask = 2147483647;
			files = (
			);
			runOnlyForDeploymentPostprocessing = 0;
		};
		D4270C232B0645C300DE0BAC /* Resources */ = {
			isa = PBXResourcesBuildPhase;
			buildActionMask = 2147483647;
			files = (
			);
			runOnlyForDeploymentPostprocessing = 0;
		};
/* End PBXResourcesBuildPhase section */

/* Begin PBXSourcesBuildPhase section */
		D4270C012B0645C200DE0BAC /* Sources */ = {
			isa = PBXSourcesBuildPhase;
			buildActionMask = 2147483647;
			files = (
				D4270C0D2B0645C200DE0BAC /* ViewController.swift in Sources */,
				D4270C092B0645C200DE0BAC /* AppDelegate.swift in Sources */,
				D4270C0B2B0645C200DE0BAC /* SceneDelegate.swift in Sources */,
			);
			runOnlyForDeploymentPostprocessing = 0;
		};
		D4270C172B0645C300DE0BAC /* Sources */ = {
			isa = PBXSourcesBuildPhase;
			buildActionMask = 2147483647;
			files = (
				D4270C202B0645C300DE0BAC /* CounterTests.swift in Sources */,
			);
			runOnlyForDeploymentPostprocessing = 0;
		};
		D4270C212B0645C300DE0BAC /* Sources */ = {
			isa = PBXSourcesBuildPhase;
			buildActionMask = 2147483647;
			files = (
				D4270C2A2B0645C300DE0BAC /* CounterUITests.swift in Sources */,
				D4270C2C2B0645C300DE0BAC /* CounterUITestsLaunchTests.swift in Sources */,
			);
			runOnlyForDeploymentPostprocessing = 0;
		};
/* End PBXSourcesBuildPhase section */

/* Begin PBXTargetDependency section */
		D4270C1D2B0645C300DE0BAC /* PBXTargetDependency */ = {
			isa = PBXTargetDependency;
			target = D4270C042B0645C200DE0BAC /* Counter */;
			targetProxy = D4270C1C2B0645C300DE0BAC /* PBXContainerItemProxy */;
		};
		D4270C272B0645C300DE0BAC /* PBXTargetDependency */ = {
			isa = PBXTargetDependency;
			target = D4270C042B0645C200DE0BAC /* Counter */;
			targetProxy = D4270C262B0645C300DE0BAC /* PBXContainerItemProxy */;
		};
/* End PBXTargetDependency section */

/* Begin PBXVariantGroup section */
		D4270C0E2B0645C200DE0BAC /* Main.storyboard */ = {
			isa = PBXVariantGroup;
			children = (
				D4270C0F2B0645C200DE0BAC /* Base */,
			);
			name = Main.storyboard;
			sourceTree = "<group>";
		};
		D4270C132B0645C300DE0BAC /* LaunchScreen.storyboard */ = {
			isa = PBXVariantGroup;
			children = (
				D4270C142B0645C300DE0BAC /* Base */,
			);
			name = LaunchScreen.storyboard;
			sourceTree = "<group>";
		};
/* End PBXVariantGroup section */

/* Begin XCBuildConfiguration section */
		D4270C2D2B0645C300DE0BAC /* Debug */ = {
			isa = XCBuildConfiguration;
			buildSettings = {
				ALWAYS_SEARCH_USER_PATHS = NO;
				CLANG_ANALYZER_NONNULL = YES;
				CLANG_ANALYZER_NUMBER_OBJECT_CONVERSION = YES_AGGRESSIVE;
				CLANG_CXX_LANGUAGE_STANDARD = "gnu++20";
				CLANG_ENABLE_MODULES = YES;
				CLANG_ENABLE_OBJC_ARC = YES;
				CLANG_ENABLE_OBJC_WEAK = YES;
				CLANG_WARN_BLOCK_CAPTURE_AUTORELEASING = YES;
				CLANG_WARN_BOOL_CONVERSION = YES;
				CLANG_WARN_COMMA = YES;
				CLANG_WARN_CONSTANT_CONVERSION = YES;
				CLANG_WARN_DEPRECATED_OBJC_IMPLEMENTATIONS = YES;
				CLANG_WARN_DIRECT_OBJC_ISA_USAGE = YES_ERROR;
				CLANG_WARN_DOCUMENTATION_COMMENTS = YES;
				CLANG_WARN_EMPTY_BODY = YES;
				CLANG_WARN_ENUM_CONVERSION = YES;
				CLANG_WARN_INFINITE_RECURSION = YES;
				CLANG_WARN_INT_CONVERSION = YES;
				CLANG_WARN_NON_LITERAL_NULL_CONVERSION = YES;
				CLANG_WARN_OBJC_IMPLICIT_RETAIN_SELF = YES;
				CLANG_WARN_OBJC_LITERAL_CONVERSION = YES;
				CLANG_WARN_OBJC_ROOT_CLASS = YES_ERROR;
				CLANG_WARN_QUOTED_INCLUDE_IN_FRAMEWORK_HEADER = YES;
				CLANG_WARN_RANGE_LOOP_ANALYSIS = YES;
				CLANG_WARN_STRICT_PROTOTYPES = YES;
				CLANG_WARN_SUSPICIOUS_MOVE = YES;
				CLANG_WARN_UNGUARDED_AVAILABILITY = YES_AGGRESSIVE;
				CLANG_WARN_UNREACHABLE_CODE = YES;
				CLANG_WARN__DUPLICATE_METHOD_MATCH = YES;
				COPY_PHASE_STRIP = NO;
				DEBUG_INFORMATION_FORMAT = dwarf;
				ENABLE_STRICT_OBJC_MSGSEND = YES;
				ENABLE_TESTABILITY = YES;
				GCC_C_LANGUAGE_STANDARD = gnu11;
				GCC_DYNAMIC_NO_PIC = NO;
				GCC_NO_COMMON_BLOCKS = YES;
				GCC_OPTIMIZATION_LEVEL = 0;
				GCC_PREPROCESSOR_DEFINITIONS = (
					"DEBUG=1",
					"$(inherited)",
				);
				GCC_WARN_64_TO_32_BIT_CONVERSION = YES;
				GCC_WARN_ABOUT_RETURN_TYPE = YES_ERROR;
				GCC_WARN_UNDECLARED_SELECTOR = YES;
				GCC_WARN_UNINITIALIZED_AUTOS = YES_AGGRESSIVE;
				GCC_WARN_UNUSED_FUNCTION = YES;
				GCC_WARN_UNUSED_VARIABLE = YES;
				IPHONEOS_DEPLOYMENT_TARGET = 16.4;
				MTL_ENABLE_DEBUG_INFO = INCLUDE_SOURCE;
				MTL_FAST_MATH = YES;
				ONLY_ACTIVE_ARCH = YES;
				SDKROOT = iphoneos;
				SWIFT_ACTIVE_COMPILATION_CONDITIONS = DEBUG;
				SWIFT_OPTIMIZATION_LEVEL = "-Onone";
			};
			name = Debug;
		};
		D4270C2E2B0645C300DE0BAC /* Release */ = {
			isa = XCBuildConfiguration;
			buildSettings = {
				ALWAYS_SEARCH_USER_PATHS = NO;
				CLANG_ANALYZER_NONNULL = YES;
				CLANG_ANALYZER_NUMBER_OBJECT_CONVERSION = YES_AGGRESSIVE;
				CLANG_CXX_LANGUAGE_STANDARD = "gnu++20";
				CLANG_ENABLE_MODULES = YES;
				CLANG_ENABLE_OBJC_ARC = YES;
				CLANG_ENABLE_OBJC_WEAK = YES;
				CLANG_WARN_BLOCK_CAPTURE_AUTORELEASING = YES;
				CLANG_WARN_BOOL_CONVERSION = YES;
				CLANG_WARN_COMMA = YES;
				CLANG_WARN_CONSTANT_CONVERSION = YES;
				CLANG_WARN_DEPRECATED_OBJC_IMPLEMENTATIONS = YES;
				CLANG_WARN_DIRECT_OBJC_ISA_USAGE = YES_ERROR;
				CLANG_WARN_DOCUMENTATION_COMMENTS = YES;
				CLANG_WARN_EMPTY_BODY = YES;
				CLANG_WARN_ENUM_CONVERSION = YES;
				CLANG_WARN_INFINITE_RECURSION = YES;
				CLANG_WARN_INT_CONVERSION = YES;
				CLANG_WARN_NON_LITERAL_NULL_CONVERSION = YES;
				CLANG_WARN_OBJC_IMPLICIT_RETAIN_SELF = YES;
				CLANG_WARN_OBJC_LITERAL_CONVERSION = YES;
				CLANG_WARN_OBJC_ROOT_CLASS = YES_ERROR;
				CLANG_WARN_QUOTED_INCLUDE_IN_FRAMEWORK_HEADER = YES;
				CLANG_WARN_RANGE_LOOP_ANALYSIS = YES;
				CLANG_WARN_STRICT_PROTOTYPES = YES;
				CLANG_WARN_SUSPICIOUS_MOVE = YES;
				CLANG_WARN_UNGUARDED_AVAILABILITY = YES_AGGRESSIVE;
				CLANG_WARN_UNREACHABLE_CODE = YES;
				CLANG_WARN__DUPLICATE_METHOD_MATCH = YES;
				COPY_PHASE_STRIP = NO;
				DEBUG_INFORMATION_FORMAT = "dwarf-with-dsym";
				ENABLE_NS_ASSERTIONS = NO;
				ENABLE_STRICT_OBJC_MSGSEND = YES;
				GCC_C_LANGUAGE_STANDARD = gnu11;
				GCC_NO_COMMON_BLOCKS = YES;
				GCC_WARN_64_TO_32_BIT_CONVERSION = YES;
				GCC_WARN_ABOUT_RETURN_TYPE = YES_ERROR;
				GCC_WARN_UNDECLARED_SELECTOR = YES;
				GCC_WARN_UNINITIALIZED_AUTOS = YES_AGGRESSIVE;
				GCC_WARN_UNUSED_FUNCTION = YES;
				GCC_WARN_UNUSED_VARIABLE = YES;
				IPHONEOS_DEPLOYMENT_TARGET = 16.4;
				MTL_ENABLE_DEBUG_INFO = NO;
				MTL_FAST_MATH = YES;
				SDKROOT = iphoneos;
				SWIFT_COMPILATION_MODE = wholemodule;
				SWIFT_OPTIMIZATION_LEVEL = "-O";
				VALIDATE_PRODUCT = YES;
			};
			name = Release;
		};
		D4270C302B0645C300DE0BAC /* Debug */ = {
			isa = XCBuildConfiguration;
			buildSettings = {
				ASSETCATALOG_COMPILER_APPICON_NAME = AppIcon;
				ASSETCATALOG_COMPILER_GLOBAL_ACCENT_COLOR_NAME = AccentColor;
				CODE_SIGN_STYLE = Automatic;
				CURRENT_PROJECT_VERSION = 1;
				DEVELOPMENT_TEAM = X4BLSQ8U23;
				GENERATE_INFOPLIST_FILE = YES;
				INFOPLIST_FILE = Counter/Info.plist;
				INFOPLIST_KEY_UIApplicationSupportsIndirectInputEvents = YES;
				INFOPLIST_KEY_UILaunchStoryboardName = LaunchScreen;
				INFOPLIST_KEY_UIMainStoryboardFile = Main;
				INFOPLIST_KEY_UISupportedInterfaceOrientations_iPad = "UIInterfaceOrientationPortrait UIInterfaceOrientationPortraitUpsideDown UIInterfaceOrientationLandscapeLeft UIInterfaceOrientationLandscapeRight";
				INFOPLIST_KEY_UISupportedInterfaceOrientations_iPhone = "UIInterfaceOrientationPortrait UIInterfaceOrientationLandscapeLeft UIInterfaceOrientationLandscapeRight";
				LD_RUNPATH_SEARCH_PATHS = (
					"$(inherited)",
					"@executable_path/Frameworks",
				);
				MARKETING_VERSION = 1.0;
				PRODUCT_BUNDLE_IDENTIFIER = test.Counter;
				PRODUCT_NAME = "$(TARGET_NAME)";
				SWIFT_EMIT_LOC_STRINGS = YES;
				SWIFT_VERSION = 5.0;
				TARGETED_DEVICE_FAMILY = "1,2";
			};
			name = Debug;
		};
		D4270C312B0645C300DE0BAC /* Release */ = {
			isa = XCBuildConfiguration;
			buildSettings = {
				ASSETCATALOG_COMPILER_APPICON_NAME = AppIcon;
				ASSETCATALOG_COMPILER_GLOBAL_ACCENT_COLOR_NAME = AccentColor;
				CODE_SIGN_STYLE = Automatic;
				CURRENT_PROJECT_VERSION = 1;
				DEVELOPMENT_TEAM = X4BLSQ8U23;
				GENERATE_INFOPLIST_FILE = YES;
				INFOPLIST_FILE = Counter/Info.plist;
				INFOPLIST_KEY_UIApplicationSupportsIndirectInputEvents = YES;
				INFOPLIST_KEY_UILaunchStoryboardName = LaunchScreen;
				INFOPLIST_KEY_UIMainStoryboardFile = Main;
				INFOPLIST_KEY_UISupportedInterfaceOrientations_iPad = "UIInterfaceOrientationPortrait UIInterfaceOrientationPortraitUpsideDown UIInterfaceOrientationLandscapeLeft UIInterfaceOrientationLandscapeRight";
				INFOPLIST_KEY_UISupportedInterfaceOrientations_iPhone = "UIInterfaceOrientationPortrait UIInterfaceOrientationLandscapeLeft UIInterfaceOrientationLandscapeRight";
				LD_RUNPATH_SEARCH_PATHS = (
					"$(inherited)",
					"@executable_path/Frameworks",
				);
				MARKETING_VERSION = 1.0;
				PRODUCT_BUNDLE_IDENTIFIER = test.Counter;
				PRODUCT_NAME = "$(TARGET_NAME)";
				SWIFT_EMIT_LOC_STRINGS = YES;
				SWIFT_VERSION = 5.0;
				TARGETED_DEVICE_FAMILY = "1,2";
			};
			name = Release;
		};
		D4270C332B0645C300DE0BAC /* Debug */ = {
			isa = XCBuildConfiguration;
			buildSettings = {
				ALWAYS_EMBED_SWIFT_STANDARD_LIBRARIES = YES;
				BUNDLE_LOADER = "$(TEST_HOST)";
				CODE_SIGN_STYLE = Automatic;
				CURRENT_PROJECT_VERSION = 1;
				DEVELOPMENT_TEAM = X4BLSQ8U23;
				GENERATE_INFOPLIST_FILE = YES;
				IPHONEOS_DEPLOYMENT_TARGET = 16.4;
				MARKETING_VERSION = 1.0;
				PRODUCT_BUNDLE_IDENTIFIER = test.CounterTests;
				PRODUCT_NAME = "$(TARGET_NAME)";
				SWIFT_EMIT_LOC_STRINGS = NO;
				SWIFT_VERSION = 5.0;
				TARGETED_DEVICE_FAMILY = "1,2";
				TEST_HOST = "$(BUILT_PRODUCTS_DIR)/Counter.app/$(BUNDLE_EXECUTABLE_FOLDER_PATH)/Counter";
			};
			name = Debug;
		};
		D4270C342B0645C300DE0BAC /* Release */ = {
			isa = XCBuildConfiguration;
			buildSettings = {
				ALWAYS_EMBED_SWIFT_STANDARD_LIBRARIES = YES;
				BUNDLE_LOADER = "$(TEST_HOST)";
				CODE_SIGN_STYLE = Automatic;
				CURRENT_PROJECT_VERSION = 1;
				DEVELOPMENT_TEAM = X4BLSQ8U23;
				GENERATE_INFOPLIST_FILE = YES;
				IPHONEOS_DEPLOYMENT_TARGET = 16.4;
				MARKETING_VERSION = 1.0;
				PRODUCT_BUNDLE_IDENTIFIER = test.CounterTests;
				PRODUCT_NAME = "$(TARGET_NAME)";
				SWIFT_EMIT_LOC_STRINGS = NO;
				SWIFT_VERSION = 5.0;
				TARGETED_DEVICE_FAMILY = "1,2";
				TEST_HOST = "$(BUILT_PRODUCTS_DIR)/Counter.app/$(BUNDLE_EXECUTABLE_FOLDER_PATH)/Counter";
			};
			name = Release;
		};
		D4270C362B0645C300DE0BAC /* Debug */ = {
			isa = XCBuildConfiguration;
			buildSettings = {
				ALWAYS_EMBED_SWIFT_STANDARD_LIBRARIES = YES;
				CODE_SIGN_STYLE = Automatic;
				CURRENT_PROJECT_VERSION = 1;
				DEVELOPMENT_TEAM = X4BLSQ8U23;
				GENERATE_INFOPLIST_FILE = YES;
				MARKETING_VERSION = 1.0;
				PRODUCT_BUNDLE_IDENTIFIER = test.CounterUITests;
				PRODUCT_NAME = "$(TARGET_NAME)";
				SWIFT_EMIT_LOC_STRINGS = NO;
				SWIFT_VERSION = 5.0;
				TARGETED_DEVICE_FAMILY = "1,2";
				TEST_TARGET_NAME = Counter;
			};
			name = Debug;
		};
		D4270C372B0645C300DE0BAC /* Release */ = {
			isa = XCBuildConfiguration;
			buildSettings = {
				ALWAYS_EMBED_SWIFT_STANDARD_LIBRARIES = YES;
				CODE_SIGN_STYLE = Automatic;
				CURRENT_PROJECT_VERSION = 1;
				DEVELOPMENT_TEAM = X4BLSQ8U23;
				GENERATE_INFOPLIST_FILE = YES;
				MARKETING_VERSION = 1.0;
				PRODUCT_BUNDLE_IDENTIFIER = test.CounterUITests;
				PRODUCT_NAME = "$(TARGET_NAME)";
				SWIFT_EMIT_LOC_STRINGS = NO;
				SWIFT_VERSION = 5.0;
				TARGETED_DEVICE_FAMILY = "1,2";
				TEST_TARGET_NAME = Counter;
			};
			name = Release;
		};
/* End XCBuildConfiguration section */

/* Begin XCConfigurationList section */
		D4270C002B0645C200DE0BAC /* Build configuration list for PBXProject "Counter" */ = {
			isa = XCConfigurationList;
			buildConfigurations = (
				D4270C2D2B0645C300DE0BAC /* Debug */,
				D4270C2E2B0645C300DE0BAC /* Release */,
			);
			defaultConfigurationIsVisible = 0;
			defaultConfigurationName = Release;
		};
		D4270C2F2B0645C300DE0BAC /* Build configuration list for PBXNativeTarget "Counter" */ = {
			isa = XCConfigurationList;
			buildConfigurations = (
				D4270C302B0645C300DE0BAC /* Debug */,
				D4270C312B0645C300DE0BAC /* Release */,
			);
			defaultConfigurationIsVisible = 0;
			defaultConfigurationName = Release;
		};
		D4270C322B0645C300DE0BAC /* Build configuration list for PBXNativeTarget "CounterTests" */ = {
			isa = XCConfigurationList;
			buildConfigurations = (
				D4270C332B0645C300DE0BAC /* Debug */,
				D4270C342B0645C300DE0BAC /* Release */,
			);
			defaultConfigurationIsVisible = 0;
			defaultConfigurationName = Release;
		};
		D4270C352B0645C300DE0BAC /* Build configuration list for PBXNativeTarget "CounterUITests" */ = {
			isa = XCConfigurationList;
			buildConfigurations = (
				D4270C362B0645C300DE0BAC /* Debug */,
				D4270C372B0645C300DE0BAC /* Release */,
			);
			defaultConfigurationIsVisible = 0;
			defaultConfigurationName = Release;
		};
/* End XCConfigurationList section */
	};
	rootObject = D4270BFD2B0645C200DE0BAC /* Project object */;
}
